{
  "requires": true,
  "lockfileVersion": 1,
  "dependencies": {
    "@capacitor/app": {
      "version": "1.0.6",
      "resolved": "https://registry.npmjs.org/@capacitor/app/-/app-1.0.6.tgz",
      "integrity": "sha512-NjHIs6f4WJQuhabnCkcE6YLyIIn+t4Al5etB/SJGZJwUYRe1yJYtZ4T/KobDIzwwZn9I9de7QbEA5947lGttBQ=="
    }
  }
}
